
Microsoft Visual Studio Solution File, Format Version 12.00
Project("{FAE04EC0-301F-11D3-BF4B-00C04F79EFBC}") = "Covauto.API", "Covauto.API\Covauto.API.csproj", "{4FFC421A-0F45-4E29-8445-EC0D68FD3B02}"
EndProject
Project("{FAE04EC0-301F-11D3-BF4B-00C04F79EFBC}") = "Covauto.Application", "Covauto.Application\Covauto.Application.csproj", "{C0B3B5AB-0963-46FC-BDD1-A3DEB9560822}"
EndProject
Project("{FAE04EC0-301F-11D3-BF4B-00C04F79EFBC}") = "Covauto.Domain", "Covauto.Domain\Covauto.Domain.csproj", "{1A549E6F-4D62-4FE3-82C8-A624E43EB4CB}"
EndProject
Project("{FAE04EC0-301F-11D3-BF4B-00C04F79EFBC}") = "Covauto.Shared", "Covauto.Shared\Covauto.Shared.csproj", "{42E076F0-C0A3-4818-9129-47929EB55171}"
EndProject
Project("{FAE04EC0-301F-11D3-BF4B-00C04F79EFBC}") = "Covauto.Blazor", "Covauto.Blazor\Covauto.Blazor.csproj", "{92363D07-25E7-4075-8B15-8E9DBC6184FA}"
EndProject
Project("{FAE04EC0-301F-11D3-BF4B-00C04F79EFBC}") = "Covauto.GTK", "Covauto.GTK\Covauto.GTK.csproj", "{6EF7D38E-6F2C-45DB-972B-FD86B1F5E80E}"
EndProject
Global
	GlobalSection(SolutionConfigurationPlatforms) = preSolution
		Debug|Any CPU = Debug|Any CPU
		Release|Any CPU = Release|Any CPU
	EndGlobalSection
	GlobalSection(ProjectConfigurationPlatforms) = postSolution
		{4FFC421A-0F45-4E29-8445-EC0D68FD3B02}.Debug|Any CPU.ActiveCfg = Debug|Any CPU
		{4FFC421A-0F45-4E29-8445-EC0D68FD3B02}.Debug|Any CPU.Build.0 = Debug|Any CPU
		{4FFC421A-0F45-4E29-8445-EC0D68FD3B02}.Release|Any CPU.ActiveCfg = Release|Any CPU
		{4FFC421A-0F45-4E29-8445-EC0D68FD3B02}.Release|Any CPU.Build.0 = Release|Any CPU
		{C0B3B5AB-0963-46FC-BDD1-A3DEB9560822}.Debug|Any CPU.ActiveCfg = Debug|Any CPU
		{C0B3B5AB-0963-46FC-BDD1-A3DEB9560822}.Debug|Any CPU.Build.0 = Debug|Any CPU
		{C0B3B5AB-0963-46FC-BDD1-A3DEB9560822}.Release|Any CPU.ActiveCfg = Release|Any CPU
		{C0B3B5AB-0963-46FC-BDD1-A3DEB9560822}.Release|Any CPU.Build.0 = Release|Any CPU
		{1A549E6F-4D62-4FE3-82C8-A624E43EB4CB}.Debug|Any CPU.ActiveCfg = Debug|Any CPU
		{1A549E6F-4D62-4FE3-82C8-A624E43EB4CB}.Debug|Any CPU.Build.0 = Debug|Any CPU
		{1A549E6F-4D62-4FE3-82C8-A624E43EB4CB}.Release|Any CPU.ActiveCfg = Release|Any CPU
		{1A549E6F-4D62-4FE3-82C8-A624E43EB4CB}.Release|Any CPU.Build.0 = Release|Any CPU
		{42E076F0-C0A3-4818-9129-47929EB55171}.Debug|Any CPU.ActiveCfg = Debug|Any CPU
		{42E076F0-C0A3-4818-9129-47929EB55171}.Debug|Any CPU.Build.0 = Debug|Any CPU
		{42E076F0-C0A3-4818-9129-47929EB55171}.Release|Any CPU.ActiveCfg = Release|Any CPU
		{42E076F0-C0A3-4818-9129-47929EB55171}.Release|Any CPU.Build.0 = Release|Any CPU
		{92363D07-25E7-4075-8B15-8E9DBC6184FA}.Debug|Any CPU.ActiveCfg = Debug|Any CPU
		{92363D07-25E7-4075-8B15-8E9DBC6184FA}.Debug|Any CPU.Build.0 = Debug|Any CPU
		{92363D07-25E7-4075-8B15-8E9DBC6184FA}.Release|Any CPU.ActiveCfg = Release|Any CPU
		{92363D07-25E7-4075-8B15-8E9DBC6184FA}.Release|Any CPU.Build.0 = Release|Any CPU
		{6EF7D38E-6F2C-45DB-972B-FD86B1F5E80E}.Debug|Any CPU.ActiveCfg = Debug|Any CPU
		{6EF7D38E-6F2C-45DB-972B-FD86B1F5E80E}.Debug|Any CPU.Build.0 = Debug|Any CPU
		{6EF7D38E-6F2C-45DB-972B-FD86B1F5E80E}.Release|Any CPU.ActiveCfg = Release|Any CPU
		{6EF7D38E-6F2C-45DB-972B-FD86B1F5E80E}.Release|Any CPU.Build.0 = Release|Any CPU
	EndGlobalSection
EndGlobal
